
Microsoft Visual Studio Solution File, Format Version 12.00
# Visual Studio Version 17
VisualStudioVersion = 17.11.35312.102
MinimumVisualStudioVersion = 10.0.40219.1
Project("{FAE04EC0-301F-11D3-BF4B-00C04F79EFBC}") = "a4", "a4\a4.csproj", "{389F9156-1CE7-419C-83A3-E4CF18FB376C}"
EndProject
Global
	GlobalSection(SolutionConfigurationPlatforms) = preSolution
		Debug|Any CPU = Debug|Any CPU
		Release|Any CPU = Release|Any CPU
	EndGlobalSection
	GlobalSection(ProjectConfigurationPlatforms) = postSolution
		{389F9156-1CE7-419C-83A3-E4CF18FB376C}.Debug|Any CPU.ActiveCfg = Debug|Any CPU
		{389F9156-1CE7-419C-83A3-E4CF18FB376C}.Debug|Any CPU.Build.0 = Debug|Any CPU
		{389F9156-1CE7-419C-83A3-E4CF18FB376C}.Release|Any CPU.ActiveCfg = Release|Any CPU
		{389F9156-1CE7-419C-83A3-E4CF18FB376C}.Release|Any CPU.Build.0 = Release|Any CPU
	EndGlobalSection
	GlobalSection(SolutionProperties) = preSolution
		HideSolutionNode = FALSE
	EndGlobalSection
	GlobalSection(ExtensibilityGlobals) = postSolution
		SolutionGuid = {DBE3F3C1-0008-4DF4-842B-E7A48C855848}
	EndGlobalSection
EndGlobal
